
Microsoft Visual Studio Solution File, Format Version 12.00
# Visual Studio Version 17
VisualStudioVersion = 17.0.31903.59
MinimumVisualStudioVersion = 10.0.40219.1
Project("{2150E333-8FDC-42A3-9474-1A3956D46DE8}") = "src", "src", "{827E0CD3-B72D-47B6-A68D-7590B98EB39B}"
EndProject
Project("{FAE04EC0-301F-11D3-BF4B-00C04F79EFBC}") = "Elegy.Formalization.Core", "src\Elegy.Formalization.Core\Elegy.Formalization.Core.csproj", "{57D7BB42-AB9A-4663-9737-67A39F38D73B}"
EndProject
Project("{FAE04EC0-301F-11D3-BF4B-00C04F79EFBC}") = "Elegy.Formalization.Serialization", "src\Elegy.Formalization.Serialization\Elegy.Formalization.Serialization.csproj", "{E857799E-3B22-413E-AC29-751F074C4290}"
EndProject
Project("{FAE04EC0-301F-11D3-BF4B-00C04F79EFBC}") = "Elegy.Formalization.Validation", "src\Elegy.Formalization.Validation\Elegy.Formalization.Validation.csproj", "{3A639529-D53D-4430-A9D0-CD0D752CBED6}"
EndProject
Project("{FAE04EC0-301F-11D3-BF4B-00C04F79EFBC}") = "Elegy.Formalization.Projections.Mermaid", "src\Elegy.Formalization.Projections.Mermaid\Elegy.Formalization.Projections.Mermaid.csproj", "{DFDD7165-F983-4034-A91D-CBEED01F773D}"
EndProject
Project("{FAE04EC0-301F-11D3-BF4B-00C04F79EFBC}") = "Elegy.Formalization.Governance", "src\Elegy.Formalization.Governance\Elegy.Formalization.Governance.csproj", "{D02D8E7F-3183-4367-9459-6670D553E06A}"
EndProject
Project("{FAE04EC0-301F-11D3-BF4B-00C04F79EFBC}") = "Elegy.Formalization.Contracts", "src\Elegy.Formalization.Contracts\Elegy.Formalization.Contracts.csproj", "{C5E1A5EF-EB1F-4991-94D7-877BC3122E6C}"
EndProject
Project("{2150E333-8FDC-42A3-9474-1A3956D46DE8}") = "tests", "tests", "{0AB3BF05-4346-4AA6-1389-037BE0695223}"
EndProject
Project("{FAE04EC0-301F-11D3-BF4B-00C04F79EFBC}") = "Elegy.Formalization.Core.Tests", "tests\Elegy.Formalization.Core.Tests\Elegy.Formalization.Core.Tests.csproj", "{F0C77428-1642-4C74-ABA2-4D33866AA241}"
EndProject
Project("{FAE04EC0-301F-11D3-BF4B-00C04F79EFBC}") = "Elegy.Formalization.Serialization.Tests", "tests\Elegy.Formalization.Serialization.Tests\Elegy.Formalization.Serialization.Tests.csproj", "{8FA391F9-B283-4173-9A59-71A9CF50A227}"
EndProject
Project("{FAE04EC0-301F-11D3-BF4B-00C04F79EFBC}") = "Elegy.Formalization.Validation.Tests", "tests\Elegy.Formalization.Validation.Tests\Elegy.Formalization.Validation.Tests.csproj", "{E222A2F9-6A08-4023-974D-996099E978F4}"
EndProject
Project("{FAE04EC0-301F-11D3-BF4B-00C04F79EFBC}") = "Elegy.Formalization.Projections.Mermaid.Tests", "tests\Elegy.Formalization.Projections.Mermaid.Tests\Elegy.Formalization.Projections.Mermaid.Tests.csproj", "{689C9D7F-0FA0-4097-B8EA-1AABBCD60368}"
EndProject
Project("{FAE04EC0-301F-11D3-BF4B-00C04F79EFBC}") = "Elegy.Formalization.Governance.Tests", "tests\Elegy.Formalization.Governance.Tests\Elegy.Formalization.Governance.Tests.csproj", "{65E55AE8-F477-49DF-BDE1-69A08EC9E460}"
EndProject
Project("{FAE04EC0-301F-11D3-BF4B-00C04F79EFBC}") = "Elegy.Formalization.Skills", "src\Elegy.Formalization.Skills\Elegy.Formalization.Skills.csproj", "{92F8F29C-20A3-4E55-9FF8-3C15B2019AB4}"
EndProject
Project("{FAE04EC0-301F-11D3-BF4B-00C04F79EFBC}") = "Elegy.Formalization.Skills.Tests", "tests\Elegy.Formalization.Skills.Tests\Elegy.Formalization.Skills.Tests.csproj", "{F172ED70-C630-4B96-925F-DCE4D6B5B100}"
EndProject
Project("{FAE04EC0-301F-11D3-BF4B-00C04F79EFBC}") = "Elegy.Formalization.Agents", "src\Elegy.Formalization.Agents\Elegy.Formalization.Agents.csproj", "{DDB7F19C-5BAA-4A4D-867B-54EDFCCFD482}"
EndProject
Project("{FAE04EC0-301F-11D3-BF4B-00C04F79EFBC}") = "Elegy.Formalization.Agents.Tests", "tests\Elegy.Formalization.Agents.Tests\Elegy.Formalization.Agents.Tests.csproj", "{CD09A9DA-9FC5-4631-8BD2-99AE931E594E}"
EndProject
Project("{FAE04EC0-301F-11D3-BF4B-00C04F79EFBC}") = "Elegy.Formalization.Monitoring", "src\Elegy.Formalization.Monitoring\Elegy.Formalization.Monitoring.csproj", "{CF8DF3B4-78A4-49C9-917B-EDEADF98DBAD}"
EndProject
Project("{FAE04EC0-301F-11D3-BF4B-00C04F79EFBC}") = "Elegy.Formalization.Monitoring.Tests", "tests\Elegy.Formalization.Monitoring.Tests\Elegy.Formalization.Monitoring.Tests.csproj", "{ADE8EB2C-5B17-4552-98FB-A1E13ACE7734}"
EndProject
Project("{FAE04EC0-301F-11D3-BF4B-00C04F79EFBC}") = "Elegy.Formalization.DynamicSkills", "src\Elegy.Formalization.DynamicSkills\Elegy.Formalization.DynamicSkills.csproj", "{D5A37EF7-8BB9-4490-A921-FEEDDFA47D7F}"
EndProject
Project("{FAE04EC0-301F-11D3-BF4B-00C04F79EFBC}") = "Elegy.Formalization.DynamicSkills.Tests", "tests\Elegy.Formalization.DynamicSkills.Tests\Elegy.Formalization.DynamicSkills.Tests.csproj", "{A5B23F0F-A41C-4282-9971-67BABE56E222}"
EndProject
Project("{FAE04EC0-301F-11D3-BF4B-00C04F79EFBC}") = "Elegy.Formalization.SkillForge", "src\Elegy.Formalization.SkillForge\Elegy.Formalization.SkillForge.csproj", "{DD18BB6C-FA02-4166-9A5A-CE9F993EDCE0}"
EndProject
Project("{FAE04EC0-301F-11D3-BF4B-00C04F79EFBC}") = "Elegy.Formalization.AgentFactory", "src\Elegy.Formalization.AgentFactory\Elegy.Formalization.AgentFactory.csproj", "{8787AF02-946B-4453-89BC-6E888FDA70D2}"
EndProject
Project("{FAE04EC0-301F-11D3-BF4B-00C04F79EFBC}") = "Elegy.Formalization.Skills.Discovery", "src\Elegy.Formalization.Skills.Discovery\Elegy.Formalization.Skills.Discovery.csproj", "{A9AB79A1-647B-417F-AFD8-DAD1C27A0896}"
EndProject
Project("{FAE04EC0-301F-11D3-BF4B-00C04F79EFBC}") = "Elegy.Formalization.Skills.Discovery.Tests", "tests\Elegy.Formalization.Skills.Discovery.Tests\Elegy.Formalization.Skills.Discovery.Tests.csproj", "{8CF0AC6D-2C71-43FC-8CDE-637B1E6CA3C1}"
EndProject
Project("{FAE04EC0-301F-11D3-BF4B-00C04F79EFBC}") = "Elegy.Formalization.Mcp", "src\Elegy.Formalization.Mcp\Elegy.Formalization.Mcp.csproj", "{91D46BC5-2AED-4298-B0A7-E089E84A6223}"
EndProject
Project("{FAE04EC0-301F-11D3-BF4B-00C04F79EFBC}") = "Elegy.Formalization.Mcp.Tests", "tests\Elegy.Formalization.Mcp.Tests\Elegy.Formalization.Mcp.Tests.csproj", "{4703F18B-E9C1-43D2-8A18-F0ADCF9B3E0A}"
EndProject
Project("{FAE04EC0-301F-11D3-BF4B-00C04F79EFBC}") = "Elegy.Formalization.SkillForge.Tests", "tests\Elegy.Formalization.SkillForge.Tests\Elegy.Formalization.SkillForge.Tests.csproj", "{CB4FF0DD-EA86-40FF-A606-600318CA4F79}"
EndProject
Project("{FAE04EC0-301F-11D3-BF4B-00C04F79EFBC}") = "Elegy.Formalization.AgentFactory.Tests", "tests\Elegy.Formalization.AgentFactory.Tests\Elegy.Formalization.AgentFactory.Tests.csproj", "{4B37B36C-89D9-4C40-B126-A83E1D3D001B}"
EndProject
Global
	GlobalSection(SolutionConfigurationPlatforms) = preSolution
		Debug|Any CPU = Debug|Any CPU
		Debug|x64 = Debug|x64
		Debug|x86 = Debug|x86
		Release|Any CPU = Release|Any CPU
		Release|x64 = Release|x64
		Release|x86 = Release|x86
	EndGlobalSection
	GlobalSection(ProjectConfigurationPlatforms) = postSolution
		{57D7BB42-AB9A-4663-9737-67A39F38D73B}.Debug|Any CPU.ActiveCfg = Debug|Any CPU
		{57D7BB42-AB9A-4663-9737-67A39F38D73B}.Debug|Any CPU.Build.0 = Debug|Any CPU
		{57D7BB42-AB9A-4663-9737-67A39F38D73B}.Debug|x64.ActiveCfg = Debug|Any CPU
		{57D7BB42-AB9A-4663-9737-67A39F38D73B}.Debug|x64.Build.0 = Debug|Any CPU
		{57D7BB42-AB9A-4663-9737-67A39F38D73B}.Debug|x86.ActiveCfg = Debug|Any CPU
		{57D7BB42-AB9A-4663-9737-67A39F38D73B}.Debug|x86.Build.0 = Debug|Any CPU
		{57D7BB42-AB9A-4663-9737-67A39F38D73B}.Release|Any CPU.ActiveCfg = Release|Any CPU
		{57D7BB42-AB9A-4663-9737-67A39F38D73B}.Release|Any CPU.Build.0 = Release|Any CPU
		{57D7BB42-AB9A-4663-9737-67A39F38D73B}.Release|x64.ActiveCfg = Release|Any CPU
		{57D7BB42-AB9A-4663-9737-67A39F38D73B}.Release|x64.Build.0 = Release|Any CPU
		{57D7BB42-AB9A-4663-9737-67A39F38D73B}.Release|x86.ActiveCfg = Release|Any CPU
		{57D7BB42-AB9A-4663-9737-67A39F38D73B}.Release|x86.Build.0 = Release|Any CPU
		{E857799E-3B22-413E-AC29-751F074C4290}.Debug|Any CPU.ActiveCfg = Debug|Any CPU
		{E857799E-3B22-413E-AC29-751F074C4290}.Debug|Any CPU.Build.0 = Debug|Any CPU
		{E857799E-3B22-413E-AC29-751F074C4290}.Debug|x64.ActiveCfg = Debug|Any CPU
		{E857799E-3B22-413E-AC29-751F074C4290}.Debug|x64.Build.0 = Debug|Any CPU
		{E857799E-3B22-413E-AC29-751F074C4290}.Debug|x86.ActiveCfg = Debug|Any CPU
		{E857799E-3B22-413E-AC29-751F074C4290}.Debug|x86.Build.0 = Debug|Any CPU
		{E857799E-3B22-413E-AC29-751F074C4290}.Release|Any CPU.ActiveCfg = Release|Any CPU
		{E857799E-3B22-413E-AC29-751F074C4290}.Release|Any CPU.Build.0 = Release|Any CPU
		{E857799E-3B22-413E-AC29-751F074C4290}.Release|x64.ActiveCfg = Release|Any CPU
		{E857799E-3B22-413E-AC29-751F074C4290}.Release|x64.Build.0 = Release|Any CPU
		{E857799E-3B22-413E-AC29-751F074C4290}.Release|x86.ActiveCfg = Release|Any CPU
		{E857799E-3B22-413E-AC29-751F074C4290}.Release|x86.Build.0 = Release|Any CPU
		{3A639529-D53D-4430-A9D0-CD0D752CBED6}.Debug|Any CPU.ActiveCfg = Debug|Any CPU
		{3A639529-D53D-4430-A9D0-CD0D752CBED6}.Debug|Any CPU.Build.0 = Debug|Any CPU
		{3A639529-D53D-4430-A9D0-CD0D752CBED6}.Debug|x64.ActiveCfg = Debug|Any CPU
		{3A639529-D53D-4430-A9D0-CD0D752CBED6}.Debug|x64.Build.0 = Debug|Any CPU
		{3A639529-D53D-4430-A9D0-CD0D752CBED6}.Debug|x86.ActiveCfg = Debug|Any CPU
		{3A639529-D53D-4430-A9D0-CD0D752CBED6}.Debug|x86.Build.0 = Debug|Any CPU
		{3A639529-D53D-4430-A9D0-CD0D752CBED6}.Release|Any CPU.ActiveCfg = Release|Any CPU
		{3A639529-D53D-4430-A9D0-CD0D752CBED6}.Release|Any CPU.Build.0 = Release|Any CPU
		{3A639529-D53D-4430-A9D0-CD0D752CBED6}.Release|x64.ActiveCfg = Release|Any CPU
		{3A639529-D53D-4430-A9D0-CD0D752CBED6}.Release|x64.Build.0 = Release|Any CPU
		{3A639529-D53D-4430-A9D0-CD0D752CBED6}.Release|x86.ActiveCfg = Release|Any CPU
		{3A639529-D53D-4430-A9D0-CD0D752CBED6}.Release|x86.Build.0 = Release|Any CPU
		{DFDD7165-F983-4034-A91D-CBEED01F773D}.Debug|Any CPU.ActiveCfg = Debug|Any CPU
		{DFDD7165-F983-4034-A91D-CBEED01F773D}.Debug|Any CPU.Build.0 = Debug|Any CPU
		{DFDD7165-F983-4034-A91D-CBEED01F773D}.Debug|x64.ActiveCfg = Debug|Any CPU
		{DFDD7165-F983-4034-A91D-CBEED01F773D}.Debug|x64.Build.0 = Debug|Any CPU
		{DFDD7165-F983-4034-A91D-CBEED01F773D}.Debug|x86.ActiveCfg = Debug|Any CPU
		{DFDD7165-F983-4034-A91D-CBEED01F773D}.Debug|x86.Build.0 = Debug|Any CPU
		{DFDD7165-F983-4034-A91D-CBEED01F773D}.Release|Any CPU.ActiveCfg = Release|Any CPU
		{DFDD7165-F983-4034-A91D-CBEED01F773D}.Release|Any CPU.Build.0 = Release|Any CPU
		{DFDD7165-F983-4034-A91D-CBEED01F773D}.Release|x64.ActiveCfg = Release|Any CPU
		{DFDD7165-F983-4034-A91D-CBEED01F773D}.Release|x64.Build.0 = Release|Any CPU
		{DFDD7165-F983-4034-A91D-CBEED01F773D}.Release|x86.ActiveCfg = Release|Any CPU
		{DFDD7165-F983-4034-A91D-CBEED01F773D}.Release|x86.Build.0 = Release|Any CPU
		{D02D8E7F-3183-4367-9459-6670D553E06A}.Debug|Any CPU.ActiveCfg = Debug|Any CPU
		{D02D8E7F-3183-4367-9459-6670D553E06A}.Debug|Any CPU.Build.0 = Debug|Any CPU
		{D02D8E7F-3183-4367-9459-6670D553E06A}.Debug|x64.ActiveCfg = Debug|Any CPU
		{D02D8E7F-3183-4367-9459-6670D553E06A}.Debug|x64.Build.0 = Debug|Any CPU
		{D02D8E7F-3183-4367-9459-6670D553E06A}.Debug|x86.ActiveCfg = Debug|Any CPU
		{D02D8E7F-3183-4367-9459-6670D553E06A}.Debug|x86.Build.0 = Debug|Any CPU
		{D02D8E7F-3183-4367-9459-6670D553E06A}.Release|Any CPU.ActiveCfg = Release|Any CPU
		{D02D8E7F-3183-4367-9459-6670D553E06A}.Release|Any CPU.Build.0 = Release|Any CPU
		{D02D8E7F-3183-4367-9459-6670D553E06A}.Release|x64.ActiveCfg = Release|Any CPU
		{D02D8E7F-3183-4367-9459-6670D553E06A}.Release|x64.Build.0 = Release|Any CPU
		{D02D8E7F-3183-4367-9459-6670D553E06A}.Release|x86.ActiveCfg = Release|Any CPU
		{D02D8E7F-3183-4367-9459-6670D553E06A}.Release|x86.Build.0 = Release|Any CPU
		{C5E1A5EF-EB1F-4991-94D7-877BC3122E6C}.Debug|Any CPU.ActiveCfg = Debug|Any CPU
		{C5E1A5EF-EB1F-4991-94D7-877BC3122E6C}.Debug|Any CPU.Build.0 = Debug|Any CPU
		{C5E1A5EF-EB1F-4991-94D7-877BC3122E6C}.Debug|x64.ActiveCfg = Debug|Any CPU
		{C5E1A5EF-EB1F-4991-94D7-877BC3122E6C}.Debug|x64.Build.0 = Debug|Any CPU
		{C5E1A5EF-EB1F-4991-94D7-877BC3122E6C}.Debug|x86.ActiveCfg = Debug|Any CPU
		{C5E1A5EF-EB1F-4991-94D7-877BC3122E6C}.Debug|x86.Build.0 = Debug|Any CPU
		{C5E1A5EF-EB1F-4991-94D7-877BC3122E6C}.Release|Any CPU.ActiveCfg = Release|Any CPU
		{C5E1A5EF-EB1F-4991-94D7-877BC3122E6C}.Release|Any CPU.Build.0 = Release|Any CPU
		{C5E1A5EF-EB1F-4991-94D7-877BC3122E6C}.Release|x64.ActiveCfg = Release|Any CPU
		{C5E1A5EF-EB1F-4991-94D7-877BC3122E6C}.Release|x64.Build.0 = Release|Any CPU
		{C5E1A5EF-EB1F-4991-94D7-877BC3122E6C}.Release|x86.ActiveCfg = Release|Any CPU
		{C5E1A5EF-EB1F-4991-94D7-877BC3122E6C}.Release|x86.Build.0 = Release|Any CPU
		{F0C77428-1642-4C74-ABA2-4D33866AA241}.Debug|Any CPU.ActiveCfg = Debug|Any CPU
		{F0C77428-1642-4C74-ABA2-4D33866AA241}.Debug|Any CPU.Build.0 = Debug|Any CPU
		{F0C77428-1642-4C74-ABA2-4D33866AA241}.Debug|x64.ActiveCfg = Debug|Any CPU
		{F0C77428-1642-4C74-ABA2-4D33866AA241}.Debug|x64.Build.0 = Debug|Any CPU
		{F0C77428-1642-4C74-ABA2-4D33866AA241}.Debug|x86.ActiveCfg = Debug|Any CPU
		{F0C77428-1642-4C74-ABA2-4D33866AA241}.Debug|x86.Build.0 = Debug|Any CPU
		{F0C77428-1642-4C74-ABA2-4D33866AA241}.Release|Any CPU.ActiveCfg = Release|Any CPU
		{F0C77428-1642-4C74-ABA2-4D33866AA241}.Release|Any CPU.Build.0 = Release|Any CPU
		{F0C77428-1642-4C74-ABA2-4D33866AA241}.Release|x64.ActiveCfg = Release|Any CPU
		{F0C77428-1642-4C74-ABA2-4D33866AA241}.Release|x64.Build.0 = Release|Any CPU
		{F0C77428-1642-4C74-ABA2-4D33866AA241}.Release|x86.ActiveCfg = Release|Any CPU
		{F0C77428-1642-4C74-ABA2-4D33866AA241}.Release|x86.Build.0 = Release|Any CPU
		{8FA391F9-B283-4173-9A59-71A9CF50A227}.Debug|Any CPU.ActiveCfg = Debug|Any CPU
		{8FA391F9-B283-4173-9A59-71A9CF50A227}.Debug|Any CPU.Build.0 = Debug|Any CPU
		{8FA391F9-B283-4173-9A59-71A9CF50A227}.Debug|x64.ActiveCfg = Debug|Any CPU
		{8FA391F9-B283-4173-9A59-71A9CF50A227}.Debug|x64.Build.0 = Debug|Any CPU
		{8FA391F9-B283-4173-9A59-71A9CF50A227}.Debug|x86.ActiveCfg = Debug|Any CPU
		{8FA391F9-B283-4173-9A59-71A9CF50A227}.Debug|x86.Build.0 = Debug|Any CPU
		{8FA391F9-B283-4173-9A59-71A9CF50A227}.Release|Any CPU.ActiveCfg = Release|Any CPU
		{8FA391F9-B283-4173-9A59-71A9CF50A227}.Release|Any CPU.Build.0 = Release|Any CPU
		{8FA391F9-B283-4173-9A59-71A9CF50A227}.Release|x64.ActiveCfg = Release|Any CPU
		{8FA391F9-B283-4173-9A59-71A9CF50A227}.Release|x64.Build.0 = Release|Any CPU
		{8FA391F9-B283-4173-9A59-71A9CF50A227}.Release|x86.ActiveCfg = Release|Any CPU
		{8FA391F9-B283-4173-9A59-71A9CF50A227}.Release|x86.Build.0 = Release|Any CPU
		{E222A2F9-6A08-4023-974D-996099E978F4}.Debug|Any CPU.ActiveCfg = Debug|Any CPU
		{E222A2F9-6A08-4023-974D-996099E978F4}.Debug|Any CPU.Build.0 = Debug|Any CPU
		{E222A2F9-6A08-4023-974D-996099E978F4}.Debug|x64.ActiveCfg = Debug|Any CPU
		{E222A2F9-6A08-4023-974D-996099E978F4}.Debug|x64.Build.0 = Debug|Any CPU
		{E222A2F9-6A08-4023-974D-996099E978F4}.Debug|x86.ActiveCfg = Debug|Any CPU
		{E222A2F9-6A08-4023-974D-996099E978F4}.Debug|x86.Build.0 = Debug|Any CPU
		{E222A2F9-6A08-4023-974D-996099E978F4}.Release|Any CPU.ActiveCfg = Release|Any CPU
		{E222A2F9-6A08-4023-974D-996099E978F4}.Release|Any CPU.Build.0 = Release|Any CPU
		{E222A2F9-6A08-4023-974D-996099E978F4}.Release|x64.ActiveCfg = Release|Any CPU
		{E222A2F9-6A08-4023-974D-996099E978F4}.Release|x64.Build.0 = Release|Any CPU
		{E222A2F9-6A08-4023-974D-996099E978F4}.Release|x86.ActiveCfg = Release|Any CPU
		{E222A2F9-6A08-4023-974D-996099E978F4}.Release|x86.Build.0 = Release|Any CPU
		{689C9D7F-0FA0-4097-B8EA-1AABBCD60368}.Debug|Any CPU.ActiveCfg = Debug|Any CPU
		{689C9D7F-0FA0-4097-B8EA-1AABBCD60368}.Debug|Any CPU.Build.0 = Debug|Any CPU
		{689C9D7F-0FA0-4097-B8EA-1AABBCD60368}.Debug|x64.ActiveCfg = Debug|Any CPU
		{689C9D7F-0FA0-4097-B8EA-1AABBCD60368}.Debug|x64.Build.0 = Debug|Any CPU
		{689C9D7F-0FA0-4097-B8EA-1AABBCD60368}.Debug|x86.ActiveCfg = Debug|Any CPU
		{689C9D7F-0FA0-4097-B8EA-1AABBCD60368}.Debug|x86.Build.0 = Debug|Any CPU
		{689C9D7F-0FA0-4097-B8EA-1AABBCD60368}.Release|Any CPU.ActiveCfg = Release|Any CPU
		{689C9D7F-0FA0-4097-B8EA-1AABBCD60368}.Release|Any CPU.Build.0 = Release|Any CPU
		{689C9D7F-0FA0-4097-B8EA-1AABBCD60368}.Release|x64.ActiveCfg = Release|Any CPU
		{689C9D7F-0FA0-4097-B8EA-1AABBCD60368}.Release|x64.Build.0 = Release|Any CPU
		{689C9D7F-0FA0-4097-B8EA-1AABBCD60368}.Release|x86.ActiveCfg = Release|Any CPU
		{689C9D7F-0FA0-4097-B8EA-1AABBCD60368}.Release|x86.Build.0 = Release|Any CPU
		{65E55AE8-F477-49DF-BDE1-69A08EC9E460}.Debug|Any CPU.ActiveCfg = Debug|Any CPU
		{65E55AE8-F477-49DF-BDE1-69A08EC9E460}.Debug|Any CPU.Build.0 = Debug|Any CPU
		{65E55AE8-F477-49DF-BDE1-69A08EC9E460}.Debug|x64.ActiveCfg = Debug|Any CPU
		{65E55AE8-F477-49DF-BDE1-69A08EC9E460}.Debug|x64.Build.0 = Debug|Any CPU
		{65E55AE8-F477-49DF-BDE1-69A08EC9E460}.Debug|x86.ActiveCfg = Debug|Any CPU
		{65E55AE8-F477-49DF-BDE1-69A08EC9E460}.Debug|x86.Build.0 = Debug|Any CPU
		{65E55AE8-F477-49DF-BDE1-69A08EC9E460}.Release|Any CPU.ActiveCfg = Release|Any CPU
		{65E55AE8-F477-49DF-BDE1-69A08EC9E460}.Release|Any CPU.Build.0 = Release|Any CPU
		{65E55AE8-F477-49DF-BDE1-69A08EC9E460}.Release|x64.ActiveCfg = Release|Any CPU
		{65E55AE8-F477-49DF-BDE1-69A08EC9E460}.Release|x64.Build.0 = Release|Any CPU
		{65E55AE8-F477-49DF-BDE1-69A08EC9E460}.Release|x86.ActiveCfg = Release|Any CPU
		{65E55AE8-F477-49DF-BDE1-69A08EC9E460}.Release|x86.Build.0 = Release|Any CPU
		{92F8F29C-20A3-4E55-9FF8-3C15B2019AB4}.Debug|Any CPU.ActiveCfg = Debug|Any CPU
		{92F8F29C-20A3-4E55-9FF8-3C15B2019AB4}.Debug|Any CPU.Build.0 = Debug|Any CPU
		{92F8F29C-20A3-4E55-9FF8-3C15B2019AB4}.Debug|x64.ActiveCfg = Debug|Any CPU
		{92F8F29C-20A3-4E55-9FF8-3C15B2019AB4}.Debug|x64.Build.0 = Debug|Any CPU
		{92F8F29C-20A3-4E55-9FF8-3C15B2019AB4}.Debug|x86.ActiveCfg = Debug|Any CPU
		{92F8F29C-20A3-4E55-9FF8-3C15B2019AB4}.Debug|x86.Build.0 = Debug|Any CPU
		{92F8F29C-20A3-4E55-9FF8-3C15B2019AB4}.Release|Any CPU.ActiveCfg = Release|Any CPU
		{92F8F29C-20A3-4E55-9FF8-3C15B2019AB4}.Release|Any CPU.Build.0 = Release|Any CPU
		{92F8F29C-20A3-4E55-9FF8-3C15B2019AB4}.Release|x64.ActiveCfg = Release|Any CPU
		{92F8F29C-20A3-4E55-9FF8-3C15B2019AB4}.Release|x64.Build.0 = Release|Any CPU
		{92F8F29C-20A3-4E55-9FF8-3C15B2019AB4}.Release|x86.ActiveCfg = Release|Any CPU
		{92F8F29C-20A3-4E55-9FF8-3C15B2019AB4}.Release|x86.Build.0 = Release|Any CPU
		{F172ED70-C630-4B96-925F-DCE4D6B5B100}.Debug|Any CPU.ActiveCfg = Debug|Any CPU
		{F172ED70-C630-4B96-925F-DCE4D6B5B100}.Debug|Any CPU.Build.0 = Debug|Any CPU
		{F172ED70-C630-4B96-925F-DCE4D6B5B100}.Debug|x64.ActiveCfg = Debug|Any CPU
		{F172ED70-C630-4B96-925F-DCE4D6B5B100}.Debug|x64.Build.0 = Debug|Any CPU
		{F172ED70-C630-4B96-925F-DCE4D6B5B100}.Debug|x86.ActiveCfg = Debug|Any CPU
		{F172ED70-C630-4B96-925F-DCE4D6B5B100}.Debug|x86.Build.0 = Debug|Any CPU
		{F172ED70-C630-4B96-925F-DCE4D6B5B100}.Release|Any CPU.ActiveCfg = Release|Any CPU
		{F172ED70-C630-4B96-925F-DCE4D6B5B100}.Release|Any CPU.Build.0 = Release|Any CPU
		{F172ED70-C630-4B96-925F-DCE4D6B5B100}.Release|x64.ActiveCfg = Release|Any CPU
		{F172ED70-C630-4B96-925F-DCE4D6B5B100}.Release|x64.Build.0 = Release|Any CPU
		{F172ED70-C630-4B96-925F-DCE4D6B5B100}.Release|x86.ActiveCfg = Release|Any CPU
		{F172ED70-C630-4B96-925F-DCE4D6B5B100}.Release|x86.Build.0 = Release|Any CPU
		{DDB7F19C-5BAA-4A4D-867B-54EDFCCFD482}.Debug|Any CPU.ActiveCfg = Debug|Any CPU
		{DDB7F19C-5BAA-4A4D-867B-54EDFCCFD482}.Debug|Any CPU.Build.0 = Debug|Any CPU
		{DDB7F19C-5BAA-4A4D-867B-54EDFCCFD482}.Debug|x64.ActiveCfg = Debug|Any CPU
		{DDB7F19C-5BAA-4A4D-867B-54EDFCCFD482}.Debug|x64.Build.0 = Debug|Any CPU
		{DDB7F19C-5BAA-4A4D-867B-54EDFCCFD482}.Debug|x86.ActiveCfg = Debug|Any CPU
		{DDB7F19C-5BAA-4A4D-867B-54EDFCCFD482}.Debug|x86.Build.0 = Debug|Any CPU
		{DDB7F19C-5BAA-4A4D-867B-54EDFCCFD482}.Release|Any CPU.ActiveCfg = Release|Any CPU
		{DDB7F19C-5BAA-4A4D-867B-54EDFCCFD482}.Release|Any CPU.Build.0 = Release|Any CPU
		{DDB7F19C-5BAA-4A4D-867B-54EDFCCFD482}.Release|x64.ActiveCfg = Release|Any CPU
		{DDB7F19C-5BAA-4A4D-867B-54EDFCCFD482}.Release|x64.Build.0 = Release|Any CPU
		{DDB7F19C-5BAA-4A4D-867B-54EDFCCFD482}.Release|x86.ActiveCfg = Release|Any CPU
		{DDB7F19C-5BAA-4A4D-867B-54EDFCCFD482}.Release|x86.Build.0 = Release|Any CPU
		{CD09A9DA-9FC5-4631-8BD2-99AE931E594E}.Debug|Any CPU.ActiveCfg = Debug|Any CPU
		{CD09A9DA-9FC5-4631-8BD2-99AE931E594E}.Debug|Any CPU.Build.0 = Debug|Any CPU
		{CD09A9DA-9FC5-4631-8BD2-99AE931E594E}.Debug|x64.ActiveCfg = Debug|Any CPU
		{CD09A9DA-9FC5-4631-8BD2-99AE931E594E}.Debug|x64.Build.0 = Debug|Any CPU
		{CD09A9DA-9FC5-4631-8BD2-99AE931E594E}.Debug|x86.ActiveCfg = Debug|Any CPU
		{CD09A9DA-9FC5-4631-8BD2-99AE931E594E}.Debug|x86.Build.0 = Debug|Any CPU
		{CD09A9DA-9FC5-4631-8BD2-99AE931E594E}.Release|Any CPU.ActiveCfg = Release|Any CPU
		{CD09A9DA-9FC5-4631-8BD2-99AE931E594E}.Release|Any CPU.Build.0 = Release|Any CPU
		{CD09A9DA-9FC5-4631-8BD2-99AE931E594E}.Release|x64.ActiveCfg = Release|Any CPU
		{CD09A9DA-9FC5-4631-8BD2-99AE931E594E}.Release|x64.Build.0 = Release|Any CPU
		{CD09A9DA-9FC5-4631-8BD2-99AE931E594E}.Release|x86.ActiveCfg = Release|Any CPU
		{CD09A9DA-9FC5-4631-8BD2-99AE931E594E}.Release|x86.Build.0 = Release|Any CPU
		{CF8DF3B4-78A4-49C9-917B-EDEADF98DBAD}.Debug|Any CPU.ActiveCfg = Debug|Any CPU
		{CF8DF3B4-78A4-49C9-917B-EDEADF98DBAD}.Debug|Any CPU.Build.0 = Debug|Any CPU
		{CF8DF3B4-78A4-49C9-917B-EDEADF98DBAD}.Debug|x64.ActiveCfg = Debug|Any CPU
		{CF8DF3B4-78A4-49C9-917B-EDEADF98DBAD}.Debug|x64.Build.0 = Debug|Any CPU
		{CF8DF3B4-78A4-49C9-917B-EDEADF98DBAD}.Debug|x86.ActiveCfg = Debug|Any CPU
		{CF8DF3B4-78A4-49C9-917B-EDEADF98DBAD}.Debug|x86.Build.0 = Debug|Any CPU
		{CF8DF3B4-78A4-49C9-917B-EDEADF98DBAD}.Release|Any CPU.ActiveCfg = Release|Any CPU
		{CF8DF3B4-78A4-49C9-917B-EDEADF98DBAD}.Release|Any CPU.Build.0 = Release|Any CPU
		{CF8DF3B4-78A4-49C9-917B-EDEADF98DBAD}.Release|x64.ActiveCfg = Release|Any CPU
		{CF8DF3B4-78A4-49C9-917B-EDEADF98DBAD}.Release|x64.Build.0 = Release|Any CPU
		{CF8DF3B4-78A4-49C9-917B-EDEADF98DBAD}.Release|x86.ActiveCfg = Release|Any CPU
		{CF8DF3B4-78A4-49C9-917B-EDEADF98DBAD}.Release|x86.Build.0 = Release|Any CPU
		{ADE8EB2C-5B17-4552-98FB-A1E13ACE7734}.Debug|Any CPU.ActiveCfg = Debug|Any CPU
		{ADE8EB2C-5B17-4552-98FB-A1E13ACE7734}.Debug|Any CPU.Build.0 = Debug|Any CPU
		{ADE8EB2C-5B17-4552-98FB-A1E13ACE7734}.Debug|x64.ActiveCfg = Debug|Any CPU
		{ADE8EB2C-5B17-4552-98FB-A1E13ACE7734}.Debug|x64.Build.0 = Debug|Any CPU
		{ADE8EB2C-5B17-4552-98FB-A1E13ACE7734}.Debug|x86.ActiveCfg = Debug|Any CPU
		{ADE8EB2C-5B17-4552-98FB-A1E13ACE7734}.Debug|x86.Build.0 = Debug|Any CPU
		{ADE8EB2C-5B17-4552-98FB-A1E13ACE7734}.Release|Any CPU.ActiveCfg = Release|Any CPU
		{ADE8EB2C-5B17-4552-98FB-A1E13ACE7734}.Release|Any CPU.Build.0 = Release|Any CPU
		{ADE8EB2C-5B17-4552-98FB-A1E13ACE7734}.Release|x64.ActiveCfg = Release|Any CPU
		{ADE8EB2C-5B17-4552-98FB-A1E13ACE7734}.Release|x64.Build.0 = Release|Any CPU
		{ADE8EB2C-5B17-4552-98FB-A1E13ACE7734}.Release|x86.ActiveCfg = Release|Any CPU
		{ADE8EB2C-5B17-4552-98FB-A1E13ACE7734}.Release|x86.Build.0 = Release|Any CPU
		{D5A37EF7-8BB9-4490-A921-FEEDDFA47D7F}.Debug|Any CPU.ActiveCfg = Debug|Any CPU
		{D5A37EF7-8BB9-4490-A921-FEEDDFA47D7F}.Debug|Any CPU.Build.0 = Debug|Any CPU
		{D5A37EF7-8BB9-4490-A921-FEEDDFA47D7F}.Debug|x64.ActiveCfg = Debug|Any CPU
		{D5A37EF7-8BB9-4490-A921-FEEDDFA47D7F}.Debug|x64.Build.0 = Debug|Any CPU
		{D5A37EF7-8BB9-4490-A921-FEEDDFA47D7F}.Debug|x86.ActiveCfg = Debug|Any CPU
		{D5A37EF7-8BB9-4490-A921-FEEDDFA47D7F}.Debug|x86.Build.0 = Debug|Any CPU
		{D5A37EF7-8BB9-4490-A921-FEEDDFA47D7F}.Release|Any CPU.ActiveCfg = Release|Any CPU
		{D5A37EF7-8BB9-4490-A921-FEEDDFA47D7F}.Release|Any CPU.Build.0 = Release|Any CPU
		{D5A37EF7-8BB9-4490-A921-FEEDDFA47D7F}.Release|x64.ActiveCfg = Release|Any CPU
		{D5A37EF7-8BB9-4490-A921-FEEDDFA47D7F}.Release|x64.Build.0 = Release|Any CPU
		{D5A37EF7-8BB9-4490-A921-FEEDDFA47D7F}.Release|x86.ActiveCfg = Release|Any CPU
		{D5A37EF7-8BB9-4490-A921-FEEDDFA47D7F}.Release|x86.Build.0 = Release|Any CPU
		{A5B23F0F-A41C-4282-9971-67BABE56E222}.Debug|Any CPU.ActiveCfg = Debug|Any CPU
		{A5B23F0F-A41C-4282-9971-67BABE56E222}.Debug|Any CPU.Build.0 = Debug|Any CPU
		{A5B23F0F-A41C-4282-9971-67BABE56E222}.Debug|x64.ActiveCfg = Debug|Any CPU
		{A5B23F0F-A41C-4282-9971-67BABE56E222}.Debug|x64.Build.0 = Debug|Any CPU
		{A5B23F0F-A41C-4282-9971-67BABE56E222}.Debug|x86.ActiveCfg = Debug|Any CPU
		{A5B23F0F-A41C-4282-9971-67BABE56E222}.Debug|x86.Build.0 = Debug|Any CPU
		{A5B23F0F-A41C-4282-9971-67BABE56E222}.Release|Any CPU.ActiveCfg = Release|Any CPU
		{A5B23F0F-A41C-4282-9971-67BABE56E222}.Release|Any CPU.Build.0 = Release|Any CPU
		{A5B23F0F-A41C-4282-9971-67BABE56E222}.Release|x64.ActiveCfg = Release|Any CPU
		{A5B23F0F-A41C-4282-9971-67BABE56E222}.Release|x64.Build.0 = Release|Any CPU
		{A5B23F0F-A41C-4282-9971-67BABE56E222}.Release|x86.ActiveCfg = Release|Any CPU
		{A5B23F0F-A41C-4282-9971-67BABE56E222}.Release|x86.Build.0 = Release|Any CPU
		{DD18BB6C-FA02-4166-9A5A-CE9F993EDCE0}.Debug|Any CPU.ActiveCfg = Debug|Any CPU
		{DD18BB6C-FA02-4166-9A5A-CE9F993EDCE0}.Debug|Any CPU.Build.0 = Debug|Any CPU
		{DD18BB6C-FA02-4166-9A5A-CE9F993EDCE0}.Debug|x64.ActiveCfg = Debug|Any CPU
		{DD18BB6C-FA02-4166-9A5A-CE9F993EDCE0}.Debug|x64.Build.0 = Debug|Any CPU
		{DD18BB6C-FA02-4166-9A5A-CE9F993EDCE0}.Debug|x86.ActiveCfg = Debug|Any CPU
		{DD18BB6C-FA02-4166-9A5A-CE9F993EDCE0}.Debug|x86.Build.0 = Debug|Any CPU
		{DD18BB6C-FA02-4166-9A5A-CE9F993EDCE0}.Release|Any CPU.ActiveCfg = Release|Any CPU
		{DD18BB6C-FA02-4166-9A5A-CE9F993EDCE0}.Release|Any CPU.Build.0 = Release|Any CPU
		{DD18BB6C-FA02-4166-9A5A-CE9F993EDCE0}.Release|x64.ActiveCfg = Release|Any CPU
		{DD18BB6C-FA02-4166-9A5A-CE9F993EDCE0}.Release|x64.Build.0 = Release|Any CPU
		{DD18BB6C-FA02-4166-9A5A-CE9F993EDCE0}.Release|x86.ActiveCfg = Release|Any CPU
		{DD18BB6C-FA02-4166-9A5A-CE9F993EDCE0}.Release|x86.Build.0 = Release|Any CPU
		{8787AF02-946B-4453-89BC-6E888FDA70D2}.Debug|Any CPU.ActiveCfg = Debug|Any CPU
		{8787AF02-946B-4453-89BC-6E888FDA70D2}.Debug|Any CPU.Build.0 = Debug|Any CPU
		{8787AF02-946B-4453-89BC-6E888FDA70D2}.Debug|x64.ActiveCfg = Debug|Any CPU
		{8787AF02-946B-4453-89BC-6E888FDA70D2}.Debug|x64.Build.0 = Debug|Any CPU
		{8787AF02-946B-4453-89BC-6E888FDA70D2}.Debug|x86.ActiveCfg = Debug|Any CPU
		{8787AF02-946B-4453-89BC-6E888FDA70D2}.Debug|x86.Build.0 = Debug|Any CPU
		{8787AF02-946B-4453-89BC-6E888FDA70D2}.Release|Any CPU.ActiveCfg = Release|Any CPU
		{8787AF02-946B-4453-89BC-6E888FDA70D2}.Release|Any CPU.Build.0 = Release|Any CPU
		{8787AF02-946B-4453-89BC-6E888FDA70D2}.Release|x64.ActiveCfg = Release|Any CPU
		{8787AF02-946B-4453-89BC-6E888FDA70D2}.Release|x64.Build.0 = Release|Any CPU
		{8787AF02-946B-4453-89BC-6E888FDA70D2}.Release|x86.ActiveCfg = Release|Any CPU
		{8787AF02-946B-4453-89BC-6E888FDA70D2}.Release|x86.Build.0 = Release|Any CPU
		{A9AB79A1-647B-417F-AFD8-DAD1C27A0896}.Debug|Any CPU.ActiveCfg = Debug|Any CPU
		{A9AB79A1-647B-417F-AFD8-DAD1C27A0896}.Debug|Any CPU.Build.0 = Debug|Any CPU
		{A9AB79A1-647B-417F-AFD8-DAD1C27A0896}.Debug|x64.ActiveCfg = Debug|Any CPU
		{A9AB79A1-647B-417F-AFD8-DAD1C27A0896}.Debug|x64.Build.0 = Debug|Any CPU
		{A9AB79A1-647B-417F-AFD8-DAD1C27A0896}.Debug|x86.ActiveCfg = Debug|Any CPU
		{A9AB79A1-647B-417F-AFD8-DAD1C27A0896}.Debug|x86.Build.0 = Debug|Any CPU
		{A9AB79A1-647B-417F-AFD8-DAD1C27A0896}.Release|Any CPU.ActiveCfg = Release|Any CPU
		{A9AB79A1-647B-417F-AFD8-DAD1C27A0896}.Release|Any CPU.Build.0 = Release|Any CPU
		{A9AB79A1-647B-417F-AFD8-DAD1C27A0896}.Release|x64.ActiveCfg = Release|Any CPU
		{A9AB79A1-647B-417F-AFD8-DAD1C27A0896}.Release|x64.Build.0 = Release|Any CPU
		{A9AB79A1-647B-417F-AFD8-DAD1C27A0896}.Release|x86.ActiveCfg = Release|Any CPU
		{A9AB79A1-647B-417F-AFD8-DAD1C27A0896}.Release|x86.Build.0 = Release|Any CPU
		{8CF0AC6D-2C71-43FC-8CDE-637B1E6CA3C1}.Debug|Any CPU.ActiveCfg = Debug|Any CPU
		{8CF0AC6D-2C71-43FC-8CDE-637B1E6CA3C1}.Debug|Any CPU.Build.0 = Debug|Any CPU
		{8CF0AC6D-2C71-43FC-8CDE-637B1E6CA3C1}.Debug|x64.ActiveCfg = Debug|Any CPU
		{8CF0AC6D-2C71-43FC-8CDE-637B1E6CA3C1}.Debug|x64.Build.0 = Debug|Any CPU
		{8CF0AC6D-2C71-43FC-8CDE-637B1E6CA3C1}.Debug|x86.ActiveCfg = Debug|Any CPU
		{8CF0AC6D-2C71-43FC-8CDE-637B1E6CA3C1}.Debug|x86.Build.0 = Debug|Any CPU
		{8CF0AC6D-2C71-43FC-8CDE-637B1E6CA3C1}.Release|Any CPU.ActiveCfg = Release|Any CPU
		{8CF0AC6D-2C71-43FC-8CDE-637B1E6CA3C1}.Release|Any CPU.Build.0 = Release|Any CPU
		{8CF0AC6D-2C71-43FC-8CDE-637B1E6CA3C1}.Release|x64.ActiveCfg = Release|Any CPU
		{8CF0AC6D-2C71-43FC-8CDE-637B1E6CA3C1}.Release|x64.Build.0 = Release|Any CPU
		{8CF0AC6D-2C71-43FC-8CDE-637B1E6CA3C1}.Release|x86.ActiveCfg = Release|Any CPU
		{8CF0AC6D-2C71-43FC-8CDE-637B1E6CA3C1}.Release|x86.Build.0 = Release|Any CPU
		{91D46BC5-2AED-4298-B0A7-E089E84A6223}.Debug|Any CPU.ActiveCfg = Debug|Any CPU
		{91D46BC5-2AED-4298-B0A7-E089E84A6223}.Debug|Any CPU.Build.0 = Debug|Any CPU
		{91D46BC5-2AED-4298-B0A7-E089E84A6223}.Debug|x64.ActiveCfg = Debug|Any CPU
		{91D46BC5-2AED-4298-B0A7-E089E84A6223}.Debug|x64.Build.0 = Debug|Any CPU
		{91D46BC5-2AED-4298-B0A7-E089E84A6223}.Debug|x86.ActiveCfg = Debug|Any CPU
		{91D46BC5-2AED-4298-B0A7-E089E84A6223}.Debug|x86.Build.0 = Debug|Any CPU
		{91D46BC5-2AED-4298-B0A7-E089E84A6223}.Release|Any CPU.ActiveCfg = Release|Any CPU
		{91D46BC5-2AED-4298-B0A7-E089E84A6223}.Release|Any CPU.Build.0 = Release|Any CPU
		{91D46BC5-2AED-4298-B0A7-E089E84A6223}.Release|x64.ActiveCfg = Release|Any CPU
		{91D46BC5-2AED-4298-B0A7-E089E84A6223}.Release|x64.Build.0 = Release|Any CPU
		{91D46BC5-2AED-4298-B0A7-E089E84A6223}.Release|x86.ActiveCfg = Release|Any CPU
		{91D46BC5-2AED-4298-B0A7-E089E84A6223}.Release|x86.Build.0 = Release|Any CPU
		{4703F18B-E9C1-43D2-8A18-F0ADCF9B3E0A}.Debug|Any CPU.ActiveCfg = Debug|Any CPU
		{4703F18B-E9C1-43D2-8A18-F0ADCF9B3E0A}.Debug|Any CPU.Build.0 = Debug|Any CPU
		{4703F18B-E9C1-43D2-8A18-F0ADCF9B3E0A}.Debug|x64.ActiveCfg = Debug|Any CPU
		{4703F18B-E9C1-43D2-8A18-F0ADCF9B3E0A}.Debug|x64.Build.0 = Debug|Any CPU
		{4703F18B-E9C1-43D2-8A18-F0ADCF9B3E0A}.Debug|x86.ActiveCfg = Debug|Any CPU
		{4703F18B-E9C1-43D2-8A18-F0ADCF9B3E0A}.Debug|x86.Build.0 = Debug|Any CPU
		{4703F18B-E9C1-43D2-8A18-F0ADCF9B3E0A}.Release|Any CPU.ActiveCfg = Release|Any CPU
		{4703F18B-E9C1-43D2-8A18-F0ADCF9B3E0A}.Release|Any CPU.Build.0 = Release|Any CPU
		{4703F18B-E9C1-43D2-8A18-F0ADCF9B3E0A}.Release|x64.ActiveCfg = Release|Any CPU
		{4703F18B-E9C1-43D2-8A18-F0ADCF9B3E0A}.Release|x64.Build.0 = Release|Any CPU
		{4703F18B-E9C1-43D2-8A18-F0ADCF9B3E0A}.Release|x86.ActiveCfg = Release|Any CPU
		{4703F18B-E9C1-43D2-8A18-F0ADCF9B3E0A}.Release|x86.Build.0 = Release|Any CPU
		{CB4FF0DD-EA86-40FF-A606-600318CA4F79}.Debug|Any CPU.ActiveCfg = Debug|Any CPU
		{CB4FF0DD-EA86-40FF-A606-600318CA4F79}.Debug|Any CPU.Build.0 = Debug|Any CPU
		{CB4FF0DD-EA86-40FF-A606-600318CA4F79}.Debug|x64.ActiveCfg = Debug|Any CPU
		{CB4FF0DD-EA86-40FF-A606-600318CA4F79}.Debug|x64.Build.0 = Debug|Any CPU
		{CB4FF0DD-EA86-40FF-A606-600318CA4F79}.Debug|x86.ActiveCfg = Debug|Any CPU
		{CB4FF0DD-EA86-40FF-A606-600318CA4F79}.Debug|x86.Build.0 = Debug|Any CPU
		{CB4FF0DD-EA86-40FF-A606-600318CA4F79}.Release|Any CPU.ActiveCfg = Release|Any CPU
		{CB4FF0DD-EA86-40FF-A606-600318CA4F79}.Release|Any CPU.Build.0 = Release|Any CPU
		{CB4FF0DD-EA86-40FF-A606-600318CA4F79}.Release|x64.ActiveCfg = Release|Any CPU
		{CB4FF0DD-EA86-40FF-A606-600318CA4F79}.Release|x64.Build.0 = Release|Any CPU
		{CB4FF0DD-EA86-40FF-A606-600318CA4F79}.Release|x86.ActiveCfg = Release|Any CPU
		{CB4FF0DD-EA86-40FF-A606-600318CA4F79}.Release|x86.Build.0 = Release|Any CPU
		{4B37B36C-89D9-4C40-B126-A83E1D3D001B}.Debug|Any CPU.ActiveCfg = Debug|Any CPU
		{4B37B36C-89D9-4C40-B126-A83E1D3D001B}.Debug|Any CPU.Build.0 = Debug|Any CPU
		{4B37B36C-89D9-4C40-B126-A83E1D3D001B}.Debug|x64.ActiveCfg = Debug|Any CPU
		{4B37B36C-89D9-4C40-B126-A83E1D3D001B}.Debug|x64.Build.0 = Debug|Any CPU
		{4B37B36C-89D9-4C40-B126-A83E1D3D001B}.Debug|x86.ActiveCfg = Debug|Any CPU
		{4B37B36C-89D9-4C40-B126-A83E1D3D001B}.Debug|x86.Build.0 = Debug|Any CPU
		{4B37B36C-89D9-4C40-B126-A83E1D3D001B}.Release|Any CPU.ActiveCfg = Release|Any CPU
		{4B37B36C-89D9-4C40-B126-A83E1D3D001B}.Release|Any CPU.Build.0 = Release|Any CPU
		{4B37B36C-89D9-4C40-B126-A83E1D3D001B}.Release|x64.ActiveCfg = Release|Any CPU
		{4B37B36C-89D9-4C40-B126-A83E1D3D001B}.Release|x64.Build.0 = Release|Any CPU
		{4B37B36C-89D9-4C40-B126-A83E1D3D001B}.Release|x86.ActiveCfg = Release|Any CPU
		{4B37B36C-89D9-4C40-B126-A83E1D3D001B}.Release|x86.Build.0 = Release|Any CPU
	EndGlobalSection
	GlobalSection(SolutionProperties) = preSolution
		HideSolutionNode = FALSE
	EndGlobalSection
	GlobalSection(NestedProjects) = preSolution
		{57D7BB42-AB9A-4663-9737-67A39F38D73B} = {827E0CD3-B72D-47B6-A68D-7590B98EB39B}
		{E857799E-3B22-413E-AC29-751F074C4290} = {827E0CD3-B72D-47B6-A68D-7590B98EB39B}
		{3A639529-D53D-4430-A9D0-CD0D752CBED6} = {827E0CD3-B72D-47B6-A68D-7590B98EB39B}
		{DFDD7165-F983-4034-A91D-CBEED01F773D} = {827E0CD3-B72D-47B6-A68D-7590B98EB39B}
		{D02D8E7F-3183-4367-9459-6670D553E06A} = {827E0CD3-B72D-47B6-A68D-7590B98EB39B}
		{C5E1A5EF-EB1F-4991-94D7-877BC3122E6C} = {827E0CD3-B72D-47B6-A68D-7590B98EB39B}
		{F0C77428-1642-4C74-ABA2-4D33866AA241} = {0AB3BF05-4346-4AA6-1389-037BE0695223}
		{8FA391F9-B283-4173-9A59-71A9CF50A227} = {0AB3BF05-4346-4AA6-1389-037BE0695223}
		{E222A2F9-6A08-4023-974D-996099E978F4} = {0AB3BF05-4346-4AA6-1389-037BE0695223}
		{689C9D7F-0FA0-4097-B8EA-1AABBCD60368} = {0AB3BF05-4346-4AA6-1389-037BE0695223}
		{65E55AE8-F477-49DF-BDE1-69A08EC9E460} = {0AB3BF05-4346-4AA6-1389-037BE0695223}
		{92F8F29C-20A3-4E55-9FF8-3C15B2019AB4} = {827E0CD3-B72D-47B6-A68D-7590B98EB39B}
		{F172ED70-C630-4B96-925F-DCE4D6B5B100} = {0AB3BF05-4346-4AA6-1389-037BE0695223}
		{DDB7F19C-5BAA-4A4D-867B-54EDFCCFD482} = {827E0CD3-B72D-47B6-A68D-7590B98EB39B}
		{CD09A9DA-9FC5-4631-8BD2-99AE931E594E} = {0AB3BF05-4346-4AA6-1389-037BE0695223}
		{CF8DF3B4-78A4-49C9-917B-EDEADF98DBAD} = {827E0CD3-B72D-47B6-A68D-7590B98EB39B}
		{ADE8EB2C-5B17-4552-98FB-A1E13ACE7734} = {0AB3BF05-4346-4AA6-1389-037BE0695223}
		{D5A37EF7-8BB9-4490-A921-FEEDDFA47D7F} = {827E0CD3-B72D-47B6-A68D-7590B98EB39B}
		{A5B23F0F-A41C-4282-9971-67BABE56E222} = {0AB3BF05-4346-4AA6-1389-037BE0695223}
		{DD18BB6C-FA02-4166-9A5A-CE9F993EDCE0} = {827E0CD3-B72D-47B6-A68D-7590B98EB39B}
		{8787AF02-946B-4453-89BC-6E888FDA70D2} = {827E0CD3-B72D-47B6-A68D-7590B98EB39B}
		{A9AB79A1-647B-417F-AFD8-DAD1C27A0896} = {827E0CD3-B72D-47B6-A68D-7590B98EB39B}
		{8CF0AC6D-2C71-43FC-8CDE-637B1E6CA3C1} = {0AB3BF05-4346-4AA6-1389-037BE0695223}
		{91D46BC5-2AED-4298-B0A7-E089E84A6223} = {827E0CD3-B72D-47B6-A68D-7590B98EB39B}
		{4703F18B-E9C1-43D2-8A18-F0ADCF9B3E0A} = {0AB3BF05-4346-4AA6-1389-037BE0695223}
		{CB4FF0DD-EA86-40FF-A606-600318CA4F79} = {0AB3BF05-4346-4AA6-1389-037BE0695223}
		{4B37B36C-89D9-4C40-B126-A83E1D3D001B} = {0AB3BF05-4346-4AA6-1389-037BE0695223}
	EndGlobalSection
EndGlobal
